// !$*UTF8*$!
{
	archiveVersion = 1;
	classes = {
	};
	objectVersion = 46;
	objects = {

/* Begin PBXBuildFile section */
		D411CE191CEDE0D700F396CC /* YYCache.m in Sources */ = {isa = PBXBuildFile; fileRef = D411CE121CEDE0D700F396CC /* YYCache.m */; };
		D411CE1A1CEDE0D700F396CC /* YYDiskCache.m in Sources */ = {isa = PBXBuildFile; fileRef = D411CE141CEDE0D700F396CC /* YYDiskCache.m */; };
		D411CE1B1CEDE0D700F396CC /* YYKVStorage.m in Sources */ = {isa = PBXBuildFile; fileRef = D411CE161CEDE0D700F396CC /* YYKVStorage.m */; };
		D411CE1C1CEDE0D700F396CC /* YYMemoryCache.m in Sources */ = {isa = PBXBuildFile; fileRef = D411CE181CEDE0D700F396CC /* YYMemoryCache.m */; };
		D411CE1E1CEDE17B00F396CC /* libsqlite3.tbd in Frameworks */ = {isa = PBXBuildFile; fileRef = D411CE1D1CEDE17B00F396CC /* libsqlite3.tbd */; };
		D4485AAF1CEF050700EC8C21 /* LinkedList.swift in Sources */ = {isa = PBXBuildFile; fileRef = D4485AAE1CEF050700EC8C21 /* LinkedList.swift */; };
		D481BDC61CEC5ACB0010A367 /* Cache.swift in Sources */ = {isa = PBXBuildFile; fileRef = D481BDC31CEC5ACB0010A367 /* Cache.swift */; };
		D481BDC71CEC5ACB0010A367 /* DiskCache.swift in Sources */ = {isa = PBXBuildFile; fileRef = D481BDC41CEC5ACB0010A367 /* DiskCache.swift */; };
		D481BDC81CEC5ACB0010A367 /* MemoryCache.swift in Sources */ = {isa = PBXBuildFile; fileRef = D481BDC51CEC5ACB0010A367 /* MemoryCache.swift */; };
		D481BDCA1CEC8F5C0010A367 /* Protocol.swift in Sources */ = {isa = PBXBuildFile; fileRef = D481BDC91CEC8F5C0010A367 /* Protocol.swift */; };
		D4ABC2231CEB49AA00BF78D3 /* AppDelegate.swift in Sources */ = {isa = PBXBuildFile; fileRef = D4ABC2221CEB49AA00BF78D3 /* AppDelegate.swift */; };
		D4ABC2251CEB49AA00BF78D3 /* ViewController.swift in Sources */ = {isa = PBXBuildFile; fileRef = D4ABC2241CEB49AA00BF78D3 /* ViewController.swift */; };
		D4ABC2281CEB49AA00BF78D3 /* Main.storyboard in Resources */ = {isa = PBXBuildFile; fileRef = D4ABC2261CEB49AA00BF78D3 /* Main.storyboard */; };
		D4ABC22A1CEB49AA00BF78D3 /* Assets.xcassets in Resources */ = {isa = PBXBuildFile; fileRef = D4ABC2291CEB49AA00BF78D3 /* Assets.xcassets */; };
		D4ABC22D1CEB49AA00BF78D3 /* LaunchScreen.storyboard in Resources */ = {isa = PBXBuildFile; fileRef = D4ABC22B1CEB49AA00BF78D3 /* LaunchScreen.storyboard */; };
		D4ABC26B1CEC44E400BF78D3 /* PINCache.m in Sources */ = {isa = PBXBuildFile; fileRef = D4ABC2651CEC44E400BF78D3 /* PINCache.m */; };
		D4ABC26C1CEC44E400BF78D3 /* PINDiskCache.m in Sources */ = {isa = PBXBuildFile; fileRef = D4ABC2681CEC44E400BF78D3 /* PINDiskCache.m */; };
		D4ABC26D1CEC44E400BF78D3 /* PINMemoryCache.m in Sources */ = {isa = PBXBuildFile; fileRef = D4ABC26A1CEC44E400BF78D3 /* PINMemoryCache.m */; };
		D4ABC2811CEC455D00BF78D3 /* TMCache.m in Sources */ = {isa = PBXBuildFile; fileRef = D4ABC27B1CEC455D00BF78D3 /* TMCache.m */; };
		D4ABC2821CEC455D00BF78D3 /* TMDiskCache.m in Sources */ = {isa = PBXBuildFile; fileRef = D4ABC27E1CEC455D00BF78D3 /* TMDiskCache.m */; };
		D4ABC2831CEC455D00BF78D3 /* TMMemoryCache.m in Sources */ = {isa = PBXBuildFile; fileRef = D4ABC2801CEC455D00BF78D3 /* TMMemoryCache.m */; };
/* End PBXBuildFile section */

/* Begin PBXFileReference section */
		D411CE111CEDE0D700F396CC /* YYCache.h */ = {isa = PBXFileReference; fileEncoding = 4; lastKnownFileType = sourcecode.c.h; path = YYCache.h; sourceTree = "<group>"; };
		D411CE121CEDE0D700F396CC /* YYCache.m */ = {isa = PBXFileReference; fileEncoding = 4; lastKnownFileType = sourcecode.c.objc; path = YYCache.m; sourceTree = "<group>"; };
		D411CE131CEDE0D700F396CC /* YYDiskCache.h */ = {isa = PBXFileReference; fileEncoding = 4; lastKnownFileType = sourcecode.c.h; path = YYDiskCache.h; sourceTree = "<group>"; };
		D411CE141CEDE0D700F396CC /* YYDiskCache.m */ = {isa = PBXFileReference; fileEncoding = 4; lastKnownFileType = sourcecode.c.objc; path = YYDiskCache.m; sourceTree = "<group>"; };
		D411CE151CEDE0D700F396CC /* YYKVStorage.h */ = {isa = PBXFileReference; fileEncoding = 4; lastKnownFileType = sourcecode.c.h; path = YYKVStorage.h; sourceTree = "<group>"; };
		D411CE161CEDE0D700F396CC /* YYKVStorage.m */ = {isa = PBXFileReference; fileEncoding = 4; lastKnownFileType = sourcecode.c.objc; path = YYKVStorage.m; sourceTree = "<group>"; };
		D411CE171CEDE0D700F396CC /* YYMemoryCache.h */ = {isa = PBXFileReference; fileEncoding = 4; lastKnownFileType = sourcecode.c.h; path = YYMemoryCache.h; sourceTree = "<group>"; };
		D411CE181CEDE0D700F396CC /* YYMemoryCache.m */ = {isa = PBXFileReference; fileEncoding = 4; lastKnownFileType = sourcecode.c.objc; path = YYMemoryCache.m; sourceTree = "<group>"; };
		D411CE1D1CEDE17B00F396CC /* libsqlite3.tbd */ = {isa = PBXFileReference; lastKnownFileType = "sourcecode.text-based-dylib-definition"; name = libsqlite3.tbd; path = usr/lib/libsqlite3.tbd; sourceTree = SDKROOT; };
		D4485AAE1CEF050700EC8C21 /* LinkedList.swift */ = {isa = PBXFileReference; fileEncoding = 4; lastKnownFileType = sourcecode.swift; path = LinkedList.swift; sourceTree = "<group>"; };
		D481BDC31CEC5ACB0010A367 /* Cache.swift */ = {isa = PBXFileReference; fileEncoding = 4; lastKnownFileType = sourcecode.swift; path = Cache.swift; sourceTree = "<group>"; };
		D481BDC41CEC5ACB0010A367 /* DiskCache.swift */ = {isa = PBXFileReference; fileEncoding = 4; lastKnownFileType = sourcecode.swift; path = DiskCache.swift; sourceTree = "<group>"; };
		D481BDC51CEC5ACB0010A367 /* MemoryCache.swift */ = {isa = PBXFileReference; fileEncoding = 4; lastKnownFileType = sourcecode.swift; path = MemoryCache.swift; sourceTree = "<group>"; };
		D481BDC91CEC8F5C0010A367 /* Protocol.swift */ = {isa = PBXFileReference; fileEncoding = 4; lastKnownFileType = sourcecode.swift; path = Protocol.swift; sourceTree = "<group>"; };
		D4ABC21F1CEB49AA00BF78D3 /* Demo.app */ = {isa = PBXFileReference; explicitFileType = wrapper.application; includeInIndex = 0; path = Demo.app; sourceTree = BUILT_PRODUCTS_DIR; };
		D4ABC2221CEB49AA00BF78D3 /* AppDelegate.swift */ = {isa = PBXFileReference; lastKnownFileType = sourcecode.swift; path = AppDelegate.swift; sourceTree = "<group>"; };
		D4ABC2241CEB49AA00BF78D3 /* ViewController.swift */ = {isa = PBXFileReference; lastKnownFileType = sourcecode.swift; path = ViewController.swift; sourceTree = "<group>"; };
		D4ABC2271CEB49AA00BF78D3 /* Base */ = {isa = PBXFileReference; lastKnownFileType = file.storyboard; name = Base; path = Base.lproj/Main.storyboard; sourceTree = "<group>"; };
		D4ABC2291CEB49AA00BF78D3 /* Assets.xcassets */ = {isa = PBXFileReference; lastKnownFileType = folder.assetcatalog; path = Assets.xcassets; sourceTree = "<group>"; };
		D4ABC22C1CEB49AA00BF78D3 /* Base */ = {isa = PBXFileReference; lastKnownFileType = file.storyboard; name = Base; path = Base.lproj/LaunchScreen.storyboard; sourceTree = "<group>"; };
		D4ABC22E1CEB49AA00BF78D3 /* Info.plist */ = {isa = PBXFileReference; lastKnownFileType = text.plist.xml; path = Info.plist; sourceTree = "<group>"; };
		D4ABC2631CEC44E400BF78D3 /* Nullability.h */ = {isa = PBXFileReference; fileEncoding = 4; lastKnownFileType = sourcecode.c.h; path = Nullability.h; sourceTree = "<group>"; };
		D4ABC2641CEC44E400BF78D3 /* PINCache.h */ = {isa = PBXFileReference; fileEncoding = 4; lastKnownFileType = sourcecode.c.h; path = PINCache.h; sourceTree = "<group>"; };
		D4ABC2651CEC44E400BF78D3 /* PINCache.m */ = {isa = PBXFileReference; fileEncoding = 4; lastKnownFileType = sourcecode.c.objc; path = PINCache.m; sourceTree = "<group>"; };
		D4ABC2661CEC44E400BF78D3 /* PINCacheObjectSubscripting.h */ = {isa = PBXFileReference; fileEncoding = 4; lastKnownFileType = sourcecode.c.h; path = PINCacheObjectSubscripting.h; sourceTree = "<group>"; };
		D4ABC2671CEC44E400BF78D3 /* PINDiskCache.h */ = {isa = PBXFileReference; fileEncoding = 4; lastKnownFileType = sourcecode.c.h; path = PINDiskCache.h; sourceTree = "<group>"; };
		D4ABC2681CEC44E400BF78D3 /* PINDiskCache.m */ = {isa = PBXFileReference; fileEncoding = 4; lastKnownFileType = sourcecode.c.objc; path = PINDiskCache.m; sourceTree = "<group>"; };
		D4ABC2691CEC44E400BF78D3 /* PINMemoryCache.h */ = {isa = PBXFileReference; fileEncoding = 4; lastKnownFileType = sourcecode.c.h; path = PINMemoryCache.h; sourceTree = "<group>"; };
		D4ABC26A1CEC44E400BF78D3 /* PINMemoryCache.m */ = {isa = PBXFileReference; fileEncoding = 4; lastKnownFileType = sourcecode.c.objc; path = PINMemoryCache.m; sourceTree = "<group>"; };
		D4ABC27A1CEC455D00BF78D3 /* TMCache.h */ = {isa = PBXFileReference; fileEncoding = 4; lastKnownFileType = sourcecode.c.h; path = TMCache.h; sourceTree = "<group>"; };
		D4ABC27B1CEC455D00BF78D3 /* TMCache.m */ = {isa = PBXFileReference; fileEncoding = 4; lastKnownFileType = sourcecode.c.objc; path = TMCache.m; sourceTree = "<group>"; };
		D4ABC27C1CEC455D00BF78D3 /* TMCacheBackgroundTaskManager.h */ = {isa = PBXFileReference; fileEncoding = 4; lastKnownFileType = sourcecode.c.h; path = TMCacheBackgroundTaskManager.h; sourceTree = "<group>"; };
		D4ABC27D1CEC455D00BF78D3 /* TMDiskCache.h */ = {isa = PBXFileReference; fileEncoding = 4; lastKnownFileType = sourcecode.c.h; path = TMDiskCache.h; sourceTree = "<group>"; };
		D4ABC27E1CEC455D00BF78D3 /* TMDiskCache.m */ = {isa = PBXFileReference; fileEncoding = 4; lastKnownFileType = sourcecode.c.objc; path = TMDiskCache.m; sourceTree = "<group>"; };
		D4ABC27F1CEC455D00BF78D3 /* TMMemoryCache.h */ = {isa = PBXFileReference; fileEncoding = 4; lastKnownFileType = sourcecode.c.h; path = TMMemoryCache.h; sourceTree = "<group>"; };
		D4ABC2801CEC455D00BF78D3 /* TMMemoryCache.m */ = {isa = PBXFileReference; fileEncoding = 4; lastKnownFileType = sourcecode.c.objc; path = TMMemoryCache.m; sourceTree = "<group>"; };
		D4ABC2851CEC45F200BF78D3 /* Demo-Bridging-Header.h */ = {isa = PBXFileReference; fileEncoding = 4; lastKnownFileType = sourcecode.c.h; path = "Demo-Bridging-Header.h"; sourceTree = "<group>"; };
/* End PBXFileReference section */

/* Begin PBXFrameworksBuildPhase section */
		D4ABC21C1CEB49AA00BF78D3 /* Frameworks */ = {
			isa = PBXFrameworksBuildPhase;
			buildActionMask = 2147483647;
			files = (
				D411CE1E1CEDE17B00F396CC /* libsqlite3.tbd in Frameworks */,
			);
			runOnlyForDeploymentPostprocessing = 0;
		};
/* End PBXFrameworksBuildPhase section */

/* Begin PBXGroup section */
		D411CE101CEDE0D700F396CC /* YYCache */ = {
			isa = PBXGroup;
			children = (
				D411CE111CEDE0D700F396CC /* YYCache.h */,
				D411CE121CEDE0D700F396CC /* YYCache.m */,
				D411CE131CEDE0D700F396CC /* YYDiskCache.h */,
				D411CE141CEDE0D700F396CC /* YYDiskCache.m */,
				D411CE151CEDE0D700F396CC /* YYKVStorage.h */,
				D411CE161CEDE0D700F396CC /* YYKVStorage.m */,
				D411CE171CEDE0D700F396CC /* YYMemoryCache.h */,
				D411CE181CEDE0D700F396CC /* YYMemoryCache.m */,
			);
			name = YYCache;
			path = ../../YYCache/YYCache;
			sourceTree = "<group>";
		};
		D481BDC21CEC5ACB0010A367 /* Track */ = {
			isa = PBXGroup;
			children = (
				D4485AAE1CEF050700EC8C21 /* LinkedList.swift */,
				D481BDC91CEC8F5C0010A367 /* Protocol.swift */,
				D481BDC31CEC5ACB0010A367 /* Cache.swift */,
				D481BDC41CEC5ACB0010A367 /* DiskCache.swift */,
				D481BDC51CEC5ACB0010A367 /* MemoryCache.swift */,
			);
			name = Track;
			path = ../Track;
			sourceTree = "<group>";
		};
		D4ABC2161CEB49AA00BF78D3 = {
			isa = PBXGroup;
			children = (
				D411CE1D1CEDE17B00F396CC /* libsqlite3.tbd */,
				D411CE101CEDE0D700F396CC /* YYCache */,
				D4ABC2791CEC455D00BF78D3 /* TMCache */,
				D4ABC2621CEC44E400BF78D3 /* PINCache */,
				D481BDC21CEC5ACB0010A367 /* Track */,
				D4ABC2211CEB49AA00BF78D3 /* Demo */,
				D4ABC2201CEB49AA00BF78D3 /* Products */,
			);
			sourceTree = "<group>";
		};
		D4ABC2201CEB49AA00BF78D3 /* Products */ = {
			isa = PBXGroup;
			children = (
				D4ABC21F1CEB49AA00BF78D3 /* Demo.app */,
			);
			name = Products;
			sourceTree = "<group>";
		};
		D4ABC2211CEB49AA00BF78D3 /* Demo */ = {
			isa = PBXGroup;
			children = (
				D4ABC2221CEB49AA00BF78D3 /* AppDelegate.swift */,
				D4ABC2241CEB49AA00BF78D3 /* ViewController.swift */,
				D4ABC2261CEB49AA00BF78D3 /* Main.storyboard */,
				D4ABC2291CEB49AA00BF78D3 /* Assets.xcassets */,
				D4ABC22B1CEB49AA00BF78D3 /* LaunchScreen.storyboard */,
				D4ABC22E1CEB49AA00BF78D3 /* Info.plist */,
				D4ABC2851CEC45F200BF78D3 /* Demo-Bridging-Header.h */,
			);
			path = Demo;
			sourceTree = "<group>";
		};
		D4ABC2621CEC44E400BF78D3 /* PINCache */ = {
			isa = PBXGroup;
			children = (
				D4ABC2631CEC44E400BF78D3 /* Nullability.h */,
				D4ABC2641CEC44E400BF78D3 /* PINCache.h */,
				D4ABC2651CEC44E400BF78D3 /* PINCache.m */,
				D4ABC2661CEC44E400BF78D3 /* PINCacheObjectSubscripting.h */,
				D4ABC2671CEC44E400BF78D3 /* PINDiskCache.h */,
				D4ABC2681CEC44E400BF78D3 /* PINDiskCache.m */,
				D4ABC2691CEC44E400BF78D3 /* PINMemoryCache.h */,
				D4ABC26A1CEC44E400BF78D3 /* PINMemoryCache.m */,
			);
			name = PINCache;
			path = ../../PINCache/PINCache;
			sourceTree = "<group>";
		};
		D4ABC2791CEC455D00BF78D3 /* TMCache */ = {
			isa = PBXGroup;
			children = (
				D4ABC27A1CEC455D00BF78D3 /* TMCache.h */,
				D4ABC27B1CEC455D00BF78D3 /* TMCache.m */,
				D4ABC27C1CEC455D00BF78D3 /* TMCacheBackgroundTaskManager.h */,
				D4ABC27D1CEC455D00BF78D3 /* TMDiskCache.h */,
				D4ABC27E1CEC455D00BF78D3 /* TMDiskCache.m */,
				D4ABC27F1CEC455D00BF78D3 /* TMMemoryCache.h */,
				D4ABC2801CEC455D00BF78D3 /* TMMemoryCache.m */,
			);
			name = TMCache;
			path = ../../TMCache/TMCache;
			sourceTree = "<group>";
		};
/* End PBXGroup section */

/* Begin PBXNativeTarget section */
		D4ABC21E1CEB49AA00BF78D3 /* Demo */ = {
			isa = PBXNativeTarget;
			buildConfigurationList = D4ABC2311CEB49AA00BF78D3 /* Build configuration list for PBXNativeTarget "Demo" */;
			buildPhases = (
				D4ABC21B1CEB49AA00BF78D3 /* Sources */,
				D4ABC21C1CEB49AA00BF78D3 /* Frameworks */,
				D4ABC21D1CEB49AA00BF78D3 /* Resources */,
			);
			buildRules = (
			);
			dependencies = (
			);
			name = Demo;
			productName = Demo;
			productReference = D4ABC21F1CEB49AA00BF78D3 /* Demo.app */;
			productType = "com.apple.product-type.application";
		};
/* End PBXNativeTarget section */

/* Begin PBXProject section */
		D4ABC2171CEB49AA00BF78D3 /* Project object */ = {
			isa = PBXProject;
			attributes = {
				LastSwiftUpdateCheck = 0730;
				LastUpgradeCheck = 0730;
				ORGANIZATIONNAME = "马权";
				TargetAttributes = {
					D4ABC21E1CEB49AA00BF78D3 = {
						CreatedOnToolsVersion = 7.3;
					};
				};
			};
			buildConfigurationList = D4ABC21A1CEB49AA00BF78D3 /* Build configuration list for PBXProject "Demo" */;
			compatibilityVersion = "Xcode 3.2";
			developmentRegion = English;
			hasScannedForEncodings = 0;
			knownRegions = (
				en,
				Base,
			);
			mainGroup = D4ABC2161CEB49AA00BF78D3;
			productRefGroup = D4ABC2201CEB49AA00BF78D3 /* Products */;
			projectDirPath = "";
			projectRoot = "";
			targets = (
				D4ABC21E1CEB49AA00BF78D3 /* Demo */,
			);
		};
/* End PBXProject section */

/* Begin PBXResourcesBuildPhase section */
		D4ABC21D1CEB49AA00BF78D3 /* Resources */ = {
			isa = PBXResourcesBuildPhase;
			buildActionMask = 2147483647;
			files = (
				D4ABC22D1CEB49AA00BF78D3 /* LaunchScreen.storyboard in Resources */,
				D4ABC22A1CEB49AA00BF78D3 /* Assets.xcassets in Resources */,
				D4ABC2281CEB49AA00BF78D3 /* Main.storyboard in Resources */,
			);
			runOnlyForDeploymentPostprocessing = 0;
		};
/* End PBXResourcesBuildPhase section */

/* Begin PBXSourcesBuildPhase section */
		D4ABC21B1CEB49AA00BF78D3 /* Sources */ = {
			isa = PBXSourcesBuildPhase;
			buildActionMask = 2147483647;
			files = (
				D481BDCA1CEC8F5C0010A367 /* Protocol.swift in Sources */,
				D411CE1A1CEDE0D700F396CC /* YYDiskCache.m in Sources */,
				D4ABC2251CEB49AA00BF78D3 /* ViewController.swift in Sources */,
				D481BDC61CEC5ACB0010A367 /* Cache.swift in Sources */,
				D4ABC2821CEC455D00BF78D3 /* TMDiskCache.m in Sources */,
				D4ABC26C1CEC44E400BF78D3 /* PINDiskCache.m in Sources */,
				D411CE191CEDE0D700F396CC /* YYCache.m in Sources */,
				D481BDC81CEC5ACB0010A367 /* MemoryCache.swift in Sources */,
				D4ABC2811CEC455D00BF78D3 /* TMCache.m in Sources */,
				D411CE1C1CEDE0D700F396CC /* YYMemoryCache.m in Sources */,
				D411CE1B1CEDE0D700F396CC /* YYKVStorage.m in Sources */,
				D4ABC2231CEB49AA00BF78D3 /* AppDelegate.swift in Sources */,
				D4ABC2831CEC455D00BF78D3 /* TMMemoryCache.m in Sources */,
				D4ABC26B1CEC44E400BF78D3 /* PINCache.m in Sources */,
				D4ABC26D1CEC44E400BF78D3 /* PINMemoryCache.m in Sources */,
				D4485AAF1CEF050700EC8C21 /* LinkedList.swift in Sources */,
				D481BDC71CEC5ACB0010A367 /* DiskCache.swift in Sources */,
			);
			runOnlyForDeploymentPostprocessing = 0;
		};
/* End PBXSourcesBuildPhase section */

/* Begin PBXVariantGroup section */
		D4ABC2261CEB49AA00BF78D3 /* Main.storyboard */ = {
			isa = PBXVariantGroup;
			children = (
				D4ABC2271CEB49AA00BF78D3 /* Base */,
			);
			name = Main.storyboard;
			sourceTree = "<group>";
		};
		D4ABC22B1CEB49AA00BF78D3 /* LaunchScreen.storyboard */ = {
			isa = PBXVariantGroup;
			children = (
				D4ABC22C1CEB49AA00BF78D3 /* Base */,
			);
			name = LaunchScreen.storyboard;
			sourceTree = "<group>";
		};
/* End PBXVariantGroup section */

/* Begin XCBuildConfiguration section */
		D4ABC22F1CEB49AA00BF78D3 /* Debug */ = {
			isa = XCBuildConfiguration;
			buildSettings = {
				ALWAYS_SEARCH_USER_PATHS = NO;
				CLANG_ANALYZER_NONNULL = YES;
				CLANG_CXX_LANGUAGE_STANDARD = "gnu++0x";
				CLANG_CXX_LIBRARY = "libc++";
				CLANG_ENABLE_MODULES = YES;
				CLANG_ENABLE_OBJC_ARC = YES;
				CLANG_WARN_BOOL_CONVERSION = YES;
				CLANG_WARN_CONSTANT_CONVERSION = YES;
				CLANG_WARN_DIRECT_OBJC_ISA_USAGE = YES_ERROR;
				CLANG_WARN_EMPTY_BODY = YES;
				CLANG_WARN_ENUM_CONVERSION = YES;
				CLANG_WARN_INT_CONVERSION = YES;
				CLANG_WARN_OBJC_ROOT_CLASS = YES_ERROR;
				CLANG_WARN_UNREACHABLE_CODE = YES;
				CLANG_WARN__DUPLICATE_METHOD_MATCH = YES;
				"CODE_SIGN_IDENTITY[sdk=iphoneos*]" = "iPhone Developer";
				COPY_PHASE_STRIP = NO;
				DEBUG_INFORMATION_FORMAT = dwarf;
				ENABLE_STRICT_OBJC_MSGSEND = YES;
				ENABLE_TESTABILITY = YES;
				GCC_C_LANGUAGE_STANDARD = gnu99;
				GCC_DYNAMIC_NO_PIC = NO;
				GCC_NO_COMMON_BLOCKS = YES;
				GCC_OPTIMIZATION_LEVEL = 0;
				GCC_PREPROCESSOR_DEFINITIONS = (
					"DEBUG=1",
					"$(inherited)",
				);
				GCC_WARN_64_TO_32_BIT_CONVERSION = YES;
				GCC_WARN_ABOUT_RETURN_TYPE = YES_ERROR;
				GCC_WARN_UNDECLARED_SELECTOR = YES;
				GCC_WARN_UNINITIALIZED_AUTOS = YES_AGGRESSIVE;
				GCC_WARN_UNUSED_FUNCTION = YES;
				GCC_WARN_UNUSED_VARIABLE = YES;
				IPHONEOS_DEPLOYMENT_TARGET = 9.3;
				MTL_ENABLE_DEBUG_INFO = YES;
				ONLY_ACTIVE_ARCH = YES;
				SDKROOT = iphoneos;
				SWIFT_OPTIMIZATION_LEVEL = "-Onone";
				TARGETED_DEVICE_FAMILY = "1,2";
			};
			name = Debug;
		};
		D4ABC2301CEB49AA00BF78D3 /* Release */ = {
			isa = XCBuildConfiguration;
			buildSettings = {
				ALWAYS_SEARCH_USER_PATHS = NO;
				CLANG_ANALYZER_NONNULL = YES;
				CLANG_CXX_LANGUAGE_STANDARD = "gnu++0x";
				CLANG_CXX_LIBRARY = "libc++";
				CLANG_ENABLE_MODULES = YES;
				CLANG_ENABLE_OBJC_ARC = YES;
				CLANG_WARN_BOOL_CONVERSION = YES;
				CLANG_WARN_CONSTANT_CONVERSION = YES;
				CLANG_WARN_DIRECT_OBJC_ISA_USAGE = YES_ERROR;
				CLANG_WARN_EMPTY_BODY = YES;
				CLANG_WARN_ENUM_CONVERSION = YES;
				CLANG_WARN_INT_CONVERSION = YES;
				CLANG_WARN_OBJC_ROOT_CLASS = YES_ERROR;
				CLANG_WARN_UNREACHABLE_CODE = YES;
				CLANG_WARN__DUPLICATE_METHOD_MATCH = YES;
				"CODE_SIGN_IDENTITY[sdk=iphoneos*]" = "iPhone Developer";
				COPY_PHASE_STRIP = NO;
				DEBUG_INFORMATION_FORMAT = "dwarf-with-dsym";
				ENABLE_NS_ASSERTIONS = NO;
				ENABLE_STRICT_OBJC_MSGSEND = YES;
				GCC_C_LANGUAGE_STANDARD = gnu99;
				GCC_NO_COMMON_BLOCKS = YES;
				GCC_WARN_64_TO_32_BIT_CONVERSION = YES;
				GCC_WARN_ABOUT_RETURN_TYPE = YES_ERROR;
				GCC_WARN_UNDECLARED_SELECTOR = YES;
				GCC_WARN_UNINITIALIZED_AUTOS = YES_AGGRESSIVE;
				GCC_WARN_UNUSED_FUNCTION = YES;
				GCC_WARN_UNUSED_VARIABLE = YES;
				IPHONEOS_DEPLOYMENT_TARGET = 9.3;
				MTL_ENABLE_DEBUG_INFO = NO;
				SDKROOT = iphoneos;
				TARGETED_DEVICE_FAMILY = "1,2";
				VALIDATE_PRODUCT = YES;
			};
			name = Release;
		};
		D4ABC2321CEB49AA00BF78D3 /* Debug */ = {
			isa = XCBuildConfiguration;
			buildSettings = {
				ASSETCATALOG_COMPILER_APPICON_NAME = AppIcon;
				INFOPLIST_FILE = Demo/Info.plist;
				LD_RUNPATH_SEARCH_PATHS = "$(inherited) @executable_path/Frameworks";
				PRODUCT_BUNDLE_IDENTIFIER = "--.Demo";
				PRODUCT_NAME = "$(TARGET_NAME)";
				SWIFT_OBJC_BRIDGING_HEADER = "Demo/Demo-Bridging-Header.h";
			};
			name = Debug;
		};
		D4ABC2331CEB49AA00BF78D3 /* Release */ = {
			isa = XCBuildConfiguration;
			buildSettings = {
				ASSETCATALOG_COMPILER_APPICON_NAME = AppIcon;
				INFOPLIST_FILE = Demo/Info.plist;
				LD_RUNPATH_SEARCH_PATHS = "$(inherited) @executable_path/Frameworks";
				PRODUCT_BUNDLE_IDENTIFIER = "--.Demo";
				PRODUCT_NAME = "$(TARGET_NAME)";
				SWIFT_OBJC_BRIDGING_HEADER = "Demo/Demo-Bridging-Header.h";
			};
			name = Release;
		};
/* End XCBuildConfiguration section */

/* Begin XCConfigurationList section */
		D4ABC21A1CEB49AA00BF78D3 /* Build configuration list for PBXProject "Demo" */ = {
			isa = XCConfigurationList;
			buildConfigurations = (
				D4ABC22F1CEB49AA00BF78D3 /* Debug */,
				D4ABC2301CEB49AA00BF78D3 /* Release */,
			);
			defaultConfigurationIsVisible = 0;
			defaultConfigurationName = Release;
		};
		D4ABC2311CEB49AA00BF78D3 /* Build configuration list for PBXNativeTarget "Demo" */ = {
			isa = XCConfigurationList;
			buildConfigurations = (
				D4ABC2321CEB49AA00BF78D3 /* Debug */,
				D4ABC2331CEB49AA00BF78D3 /* Release */,
			);
			defaultConfigurationIsVisible = 0;
			defaultConfigurationName = Release;
		};
/* End XCConfigurationList section */
	};
	rootObject = D4ABC2171CEB49AA00BF78D3 /* Project object */;
}
